// !$*UTF8*$!
{
	archiveVersion = 1;
	classes = {
	};
	objectVersion = 56;
	objects = {

/* Begin PBXBuildFile section */
		8914A7BE2B97A841008ED9E7 /* FollowerCell.swift in Sources */ = {isa = PBXBuildFile; fileRef = 8914A7BD2B97A841008ED9E7 /* FollowerCell.swift */; };
		8914A7C02B97A8DA008ED9E7 /* GFAvatarImageView.swift in Sources */ = {isa = PBXBuildFile; fileRef = 8914A7BF2B97A8DA008ED9E7 /* GFAvatarImageView.swift */; };
		8937AC512B91EE600084C096 /* SearchVC.swift in Sources */ = {isa = PBXBuildFile; fileRef = 8937AC502B91EE600084C096 /* SearchVC.swift */; };
		8937AC532B91EEF10084C096 /* FavoritesListVC.swift in Sources */ = {isa = PBXBuildFile; fileRef = 8937AC522B91EEF10084C096 /* FavoritesListVC.swift */; };
		89497A102B92080F006859E6 /* GFButton.swift in Sources */ = {isa = PBXBuildFile; fileRef = 89497A0F2B92080F006859E6 /* GFButton.swift */; };
		89497A122B920D10006859E6 /* GFTextField.swift in Sources */ = {isa = PBXBuildFile; fileRef = 89497A112B920D10006859E6 /* GFTextField.swift */; };
		895FA4C52B911B5F004C080D /* AppDelegate.swift in Sources */ = {isa = PBXBuildFile; fileRef = 895FA4C42B911B5F004C080D /* AppDelegate.swift */; };
		895FA4C72B911B5F004C080D /* SceneDelegate.swift in Sources */ = {isa = PBXBuildFile; fileRef = 895FA4C62B911B5F004C080D /* SceneDelegate.swift */; };
		895FA4CE2B911B60004C080D /* Assets.xcassets in Resources */ = {isa = PBXBuildFile; fileRef = 895FA4CD2B911B60004C080D /* Assets.xcassets */; };
		896A0D1C2B98AA0700A509AF /* UIHelper.swift in Sources */ = {isa = PBXBuildFile; fileRef = 896A0D1B2B98AA0700A509AF /* UIHelper.swift */; };
		896A0D242B98F54200A509AF /* GFEmptyStateView.swift in Sources */ = {isa = PBXBuildFile; fileRef = 896A0D232B98F54200A509AF /* GFEmptyStateView.swift */; };
		898CA5692B99DBCA002DAEB5 /* UserInfoVC.swift in Sources */ = {isa = PBXBuildFile; fileRef = 898CA5682B99DBCA002DAEB5 /* UserInfoVC.swift */; };
		898CA56B2B99E622002DAEB5 /* GFError.swift in Sources */ = {isa = PBXBuildFile; fileRef = 898CA56A2B99E622002DAEB5 /* GFError.swift */; };
		8990C4492B938EC200483221 /* FollowerListVC.swift in Sources */ = {isa = PBXBuildFile; fileRef = 8990C4482B938EC200483221 /* FollowerListVC.swift */; };
		8990C44B2B9395A100483221 /* GFTitleLabel.swift in Sources */ = {isa = PBXBuildFile; fileRef = 8990C44A2B9395A100483221 /* GFTitleLabel.swift */; };
		89AE6FDD2B95E2950036D190 /* GFBodyLabel.swift in Sources */ = {isa = PBXBuildFile; fileRef = 89AE6FDC2B95E2950036D190 /* GFBodyLabel.swift */; };
		89AE6FDF2B95E3AC0036D190 /* GFAlertVC.swift in Sources */ = {isa = PBXBuildFile; fileRef = 89AE6FDE2B95E3AC0036D190 /* GFAlertVC.swift */; };
		89AE6FE12B95EBF40036D190 /* UIViewController+Ext.swift in Sources */ = {isa = PBXBuildFile; fileRef = 89AE6FE02B95EBF40036D190 /* UIViewController+Ext.swift */; };
		89AE6FE82B95FB3A0036D190 /* Follower.swift in Sources */ = {isa = PBXBuildFile; fileRef = 89AE6FE72B95FB3A0036D190 /* Follower.swift */; };
		89AE6FEA2B95FCF40036D190 /* User.swift in Sources */ = {isa = PBXBuildFile; fileRef = 89AE6FE92B95FCF40036D190 /* User.swift */; };
		89AE6FED2B960A150036D190 /* NetworkManager.swift in Sources */ = {isa = PBXBuildFile; fileRef = 89AE6FEC2B960A150036D190 /* NetworkManager.swift */; };
/* End PBXBuildFile section */

/* Begin PBXFileReference section */
		8914A7BD2B97A841008ED9E7 /* FollowerCell.swift */ = {isa = PBXFileReference; lastKnownFileType = sourcecode.swift; path = FollowerCell.swift; sourceTree = "<group>"; };
		8914A7BF2B97A8DA008ED9E7 /* GFAvatarImageView.swift */ = {isa = PBXFileReference; lastKnownFileType = sourcecode.swift; path = GFAvatarImageView.swift; sourceTree = "<group>"; };
		8937AC502B91EE600084C096 /* SearchVC.swift */ = {isa = PBXFileReference; lastKnownFileType = sourcecode.swift; path = SearchVC.swift; sourceTree = "<group>"; };
		8937AC522B91EEF10084C096 /* FavoritesListVC.swift */ = {isa = PBXFileReference; lastKnownFileType = sourcecode.swift; path = FavoritesListVC.swift; sourceTree = "<group>"; };
		89497A0F2B92080F006859E6 /* GFButton.swift */ = {isa = PBXFileReference; lastKnownFileType = sourcecode.swift; path = GFButton.swift; sourceTree = "<group>"; };
		89497A112B920D10006859E6 /* GFTextField.swift */ = {isa = PBXFileReference; lastKnownFileType = sourcecode.swift; path = GFTextField.swift; sourceTree = "<group>"; };
		895FA4C12B911B5F004C080D /* GHFollowers.app */ = {isa = PBXFileReference; explicitFileType = wrapper.application; includeInIndex = 0; path = GHFollowers.app; sourceTree = BUILT_PRODUCTS_DIR; };
		895FA4C42B911B5F004C080D /* AppDelegate.swift */ = {isa = PBXFileReference; lastKnownFileType = sourcecode.swift; path = AppDelegate.swift; sourceTree = "<group>"; };
		895FA4C62B911B5F004C080D /* SceneDelegate.swift */ = {isa = PBXFileReference; lastKnownFileType = sourcecode.swift; path = SceneDelegate.swift; sourceTree = "<group>"; };
		895FA4CD2B911B60004C080D /* Assets.xcassets */ = {isa = PBXFileReference; lastKnownFileType = folder.assetcatalog; path = Assets.xcassets; sourceTree = "<group>"; };
		895FA4D22B911B60004C080D /* Info.plist */ = {isa = PBXFileReference; lastKnownFileType = text.plist.xml; path = Info.plist; sourceTree = "<group>"; };
		896A0D1B2B98AA0700A509AF /* UIHelper.swift */ = {isa = PBXFileReference; lastKnownFileType = sourcecode.swift; path = UIHelper.swift; sourceTree = "<group>"; };
		896A0D232B98F54200A509AF /* GFEmptyStateView.swift */ = {isa = PBXFileReference; lastKnownFileType = sourcecode.swift; path = GFEmptyStateView.swift; sourceTree = "<group>"; };
		898CA5682B99DBCA002DAEB5 /* UserInfoVC.swift */ = {isa = PBXFileReference; lastKnownFileType = sourcecode.swift; path = UserInfoVC.swift; sourceTree = "<group>"; };
		898CA56A2B99E622002DAEB5 /* GFError.swift */ = {isa = PBXFileReference; lastKnownFileType = sourcecode.swift; path = GFError.swift; sourceTree = "<group>"; };
		8990C4482B938EC200483221 /* FollowerListVC.swift */ = {isa = PBXFileReference; lastKnownFileType = sourcecode.swift; path = FollowerListVC.swift; sourceTree = "<group>"; };
		8990C44A2B9395A100483221 /* GFTitleLabel.swift */ = {isa = PBXFileReference; lastKnownFileType = sourcecode.swift; path = GFTitleLabel.swift; sourceTree = "<group>"; };
		89AE6FDC2B95E2950036D190 /* GFBodyLabel.swift */ = {isa = PBXFileReference; lastKnownFileType = sourcecode.swift; path = GFBodyLabel.swift; sourceTree = "<group>"; };
		89AE6FDE2B95E3AC0036D190 /* GFAlertVC.swift */ = {isa = PBXFileReference; lastKnownFileType = sourcecode.swift; path = GFAlertVC.swift; sourceTree = "<group>"; };
		89AE6FE02B95EBF40036D190 /* UIViewController+Ext.swift */ = {isa = PBXFileReference; lastKnownFileType = sourcecode.swift; path = "UIViewController+Ext.swift"; sourceTree = "<group>"; };
		89AE6FE72B95FB3A0036D190 /* Follower.swift */ = {isa = PBXFileReference; lastKnownFileType = sourcecode.swift; path = Follower.swift; sourceTree = "<group>"; };
		89AE6FE92B95FCF40036D190 /* User.swift */ = {isa = PBXFileReference; lastKnownFileType = sourcecode.swift; path = User.swift; sourceTree = "<group>"; };
		89AE6FEC2B960A150036D190 /* NetworkManager.swift */ = {isa = PBXFileReference; lastKnownFileType = sourcecode.swift; path = NetworkManager.swift; sourceTree = "<group>"; };
/* End PBXFileReference section */

/* Begin PBXFrameworksBuildPhase section */
		895FA4BE2B911B5F004C080D /* Frameworks */ = {
			isa = PBXFrameworksBuildPhase;
			buildActionMask = 2147483647;
			files = (
			);
			runOnlyForDeploymentPostprocessing = 0;
		};
/* End PBXFrameworksBuildPhase section */

/* Begin PBXGroup section */
		8914A7B92B9785A1008ED9E7 /* Utilities */ = {
			isa = PBXGroup;
			children = (
				896A0D1B2B98AA0700A509AF /* UIHelper.swift */,
				898CA56A2B99E622002DAEB5 /* GFError.swift */,
			);
			path = Utilities;
			sourceTree = "<group>";
		};
		8914A7BC2B97A814008ED9E7 /* Cells */ = {
			isa = PBXGroup;
			children = (
				8914A7BD2B97A841008ED9E7 /* FollowerCell.swift */,
			);
			path = Cells;
			sourceTree = "<group>";
		};
		895FA4B82B911B5F004C080D = {
			isa = PBXGroup;
			children = (
				895FA4C32B911B5F004C080D /* GHFollowers */,
				895FA4C22B911B5F004C080D /* Products */,
			);
			sourceTree = "<group>";
		};
		895FA4C22B911B5F004C080D /* Products */ = {
			isa = PBXGroup;
			children = (
				895FA4C12B911B5F004C080D /* GHFollowers.app */,
			);
			name = Products;
			sourceTree = "<group>";
		};
		895FA4C32B911B5F004C080D /* GHFollowers */ = {
			isa = PBXGroup;
			children = (
				8914A7B92B9785A1008ED9E7 /* Utilities */,
				89AE6FEB2B9609FB0036D190 /* Managers */,
				89AE6FE62B95FB2A0036D190 /* Model */,
				89AE6FE52B95F5BF0036D190 /* Support */,
				89AE6FE42B95F53F0036D190 /* Extensions */,
				89AE6FE32B95F4FD0036D190 /* Custom Views */,
				89AE6FE22B95F4B70036D190 /* Screens */,
				895FA4D22B911B60004C080D /* Info.plist */,
			);
			path = GHFollowers;
			sourceTree = "<group>";
		};
		896A0D1D2B98F4C900A509AF /* Views */ = {
			isa = PBXGroup;
			children = (
				896A0D232B98F54200A509AF /* GFEmptyStateView.swift */,
			);
			path = Views;
			sourceTree = "<group>";
		};
		896A0D1E2B98F4D200A509AF /* Buttons */ = {
			isa = PBXGroup;
			children = (
				89497A0F2B92080F006859E6 /* GFButton.swift */,
			);
			path = Buttons;
			sourceTree = "<group>";
		};
		896A0D1F2B98F4D800A509AF /* TextFields */ = {
			isa = PBXGroup;
			children = (
				89497A112B920D10006859E6 /* GFTextField.swift */,
			);
			path = TextFields;
			sourceTree = "<group>";
		};
		896A0D202B98F4DF00A509AF /* ImageViews */ = {
			isa = PBXGroup;
			children = (
				8914A7BF2B97A8DA008ED9E7 /* GFAvatarImageView.swift */,
			);
			path = ImageViews;
			sourceTree = "<group>";
		};
		896A0D212B98F4E700A509AF /* ViewControllers */ = {
			isa = PBXGroup;
			children = (
				89AE6FDE2B95E3AC0036D190 /* GFAlertVC.swift */,
			);
			path = ViewControllers;
			sourceTree = "<group>";
		};
		896A0D222B98F4FC00A509AF /* Labels */ = {
			isa = PBXGroup;
			children = (
				89AE6FDC2B95E2950036D190 /* GFBodyLabel.swift */,
				8990C44A2B9395A100483221 /* GFTitleLabel.swift */,
			);
			path = Labels;
			sourceTree = "<group>";
		};
		89AE6FE22B95F4B70036D190 /* Screens */ = {
			isa = PBXGroup;
			children = (
				8937AC502B91EE600084C096 /* SearchVC.swift */,
				8937AC522B91EEF10084C096 /* FavoritesListVC.swift */,
				8990C4482B938EC200483221 /* FollowerListVC.swift */,
				898CA5682B99DBCA002DAEB5 /* UserInfoVC.swift */,
			);
			path = Screens;
			sourceTree = "<group>";
		};
		89AE6FE32B95F4FD0036D190 /* Custom Views */ = {
			isa = PBXGroup;
			children = (
				896A0D222B98F4FC00A509AF /* Labels */,
				896A0D212B98F4E700A509AF /* ViewControllers */,
				896A0D202B98F4DF00A509AF /* ImageViews */,
				896A0D1F2B98F4D800A509AF /* TextFields */,
				896A0D1E2B98F4D200A509AF /* Buttons */,
				896A0D1D2B98F4C900A509AF /* Views */,
				8914A7BC2B97A814008ED9E7 /* Cells */,
			);
			path = "Custom Views";
			sourceTree = "<group>";
		};
		89AE6FE42B95F53F0036D190 /* Extensions */ = {
			isa = PBXGroup;
			children = (
				89AE6FE02B95EBF40036D190 /* UIViewController+Ext.swift */,
			);
			path = Extensions;
			sourceTree = "<group>";
		};
		89AE6FE52B95F5BF0036D190 /* Support */ = {
			isa = PBXGroup;
			children = (
				895FA4CD2B911B60004C080D /* Assets.xcassets */,
				895FA4C62B911B5F004C080D /* SceneDelegate.swift */,
				895FA4C42B911B5F004C080D /* AppDelegate.swift */,
			);
			path = Support;
			sourceTree = "<group>";
		};
		89AE6FE62B95FB2A0036D190 /* Model */ = {
			isa = PBXGroup;
			children = (
				89AE6FE72B95FB3A0036D190 /* Follower.swift */,
				89AE6FE92B95FCF40036D190 /* User.swift */,
			);
			path = Model;
			sourceTree = "<group>";
		};
		89AE6FEB2B9609FB0036D190 /* Managers */ = {
			isa = PBXGroup;
			children = (
				89AE6FEC2B960A150036D190 /* NetworkManager.swift */,
			);
			path = Managers;
			sourceTree = "<group>";
		};
/* End PBXGroup section */

/* Begin PBXNativeTarget section */
		895FA4C02B911B5F004C080D /* GHFollowers */ = {
			isa = PBXNativeTarget;
			buildConfigurationList = 895FA4D52B911B60004C080D /* Build configuration list for PBXNativeTarget "GHFollowers" */;
			buildPhases = (
				895FA4BD2B911B5F004C080D /* Sources */,
				895FA4BE2B911B5F004C080D /* Frameworks */,
				895FA4BF2B911B5F004C080D /* Resources */,
				8937AC4F2B91E30C0084C096 /* SwiftLint */,
			);
			buildRules = (
			);
			dependencies = (
			);
			name = GHFollowers;
			productName = GHFollowers;
			productReference = 895FA4C12B911B5F004C080D /* GHFollowers.app */;
			productType = "com.apple.product-type.application";
		};
/* End PBXNativeTarget section */

/* Begin PBXProject section */
		895FA4B92B911B5F004C080D /* Project object */ = {
			isa = PBXProject;
			attributes = {
				BuildIndependentTargetsInParallel = 1;
				LastSwiftUpdateCheck = 1520;
				LastUpgradeCheck = 1520;
				TargetAttributes = {
					895FA4C02B911B5F004C080D = {
						CreatedOnToolsVersion = 15.2;
					};
				};
			};
			buildConfigurationList = 895FA4BC2B911B5F004C080D /* Build configuration list for PBXProject "GHFollowers" */;
			compatibilityVersion = "Xcode 14.0";
			developmentRegion = en;
			hasScannedForEncodings = 0;
			knownRegions = (
				en,
				Base,
			);
			mainGroup = 895FA4B82B911B5F004C080D;
			productRefGroup = 895FA4C22B911B5F004C080D /* Products */;
			projectDirPath = "";
			projectRoot = "";
			targets = (
				895FA4C02B911B5F004C080D /* GHFollowers */,
			);
		};
/* End PBXProject section */

/* Begin PBXResourcesBuildPhase section */
		895FA4BF2B911B5F004C080D /* Resources */ = {
			isa = PBXResourcesBuildPhase;
			buildActionMask = 2147483647;
			files = (
				895FA4CE2B911B60004C080D /* Assets.xcassets in Resources */,
			);
			runOnlyForDeploymentPostprocessing = 0;
		};
/* End PBXResourcesBuildPhase section */

/* Begin PBXShellScriptBuildPhase section */
		8937AC4F2B91E30C0084C096 /* SwiftLint */ = {
			isa = PBXShellScriptBuildPhase;
			alwaysOutOfDate = 1;
			buildActionMask = 2147483647;
			files = (
			);
			inputFileListPaths = (
			);
			inputPaths = (
			);
			name = SwiftLint;
			outputFileListPaths = (
			);
			outputPaths = (
			);
			runOnlyForDeploymentPostprocessing = 0;
			shellPath = /bin/sh;
			shellScript = "if [[ \"$(uname -m)\" == arm64 ]]; then\n    export PATH=\"/opt/homebrew/bin:$PATH\"\nfi\n\nif which swiftlint > /dev/null; then\n  swiftlint --fix && swiftlint\nelse\n  echo \"warning: SwiftLint not installed, download from https://github.com/realm/SwiftLint\"\nfi\n";
		};
/* End PBXShellScriptBuildPhase section */

/* Begin PBXSourcesBuildPhase section */
		895FA4BD2B911B5F004C080D /* Sources */ = {
			isa = PBXSourcesBuildPhase;
			buildActionMask = 2147483647;
			files = (
				89AE6FEA2B95FCF40036D190 /* User.swift in Sources */,
				89497A122B920D10006859E6 /* GFTextField.swift in Sources */,
				8990C4492B938EC200483221 /* FollowerListVC.swift in Sources */,
				8937AC532B91EEF10084C096 /* FavoritesListVC.swift in Sources */,
				89AE6FE12B95EBF40036D190 /* UIViewController+Ext.swift in Sources */,
				896A0D1C2B98AA0700A509AF /* UIHelper.swift in Sources */,
				8914A7C02B97A8DA008ED9E7 /* GFAvatarImageView.swift in Sources */,
				89497A102B92080F006859E6 /* GFButton.swift in Sources */,
				89AE6FDF2B95E3AC0036D190 /* GFAlertVC.swift in Sources */,
				8914A7BE2B97A841008ED9E7 /* FollowerCell.swift in Sources */,
				89AE6FDD2B95E2950036D190 /* GFBodyLabel.swift in Sources */,
				898CA56B2B99E622002DAEB5 /* GFError.swift in Sources */,
				89AE6FE82B95FB3A0036D190 /* Follower.swift in Sources */,
				8990C44B2B9395A100483221 /* GFTitleLabel.swift in Sources */,
				896A0D242B98F54200A509AF /* GFEmptyStateView.swift in Sources */,
				89AE6FED2B960A150036D190 /* NetworkManager.swift in Sources */,
				8937AC512B91EE600084C096 /* SearchVC.swift in Sources */,
				895FA4C52B911B5F004C080D /* AppDelegate.swift in Sources */,
				895FA4C72B911B5F004C080D /* SceneDelegate.swift in Sources */,
				898CA5692B99DBCA002DAEB5 /* UserInfoVC.swift in Sources */,
			);
			runOnlyForDeploymentPostprocessing = 0;
		};
/* End PBXSourcesBuildPhase section */

/* Begin XCBuildConfiguration section */
		895FA4D32B911B60004C080D /* Debug */ = {
			isa = XCBuildConfiguration;
			buildSettings = {
				ALWAYS_SEARCH_USER_PATHS = NO;
				ASSETCATALOG_COMPILER_GENERATE_SWIFT_ASSET_SYMBOL_EXTENSIONS = YES;
				CLANG_ANALYZER_NONNULL = YES;
				CLANG_ANALYZER_NUMBER_OBJECT_CONVERSION = YES_AGGRESSIVE;
				CLANG_CXX_LANGUAGE_STANDARD = "gnu++20";
				CLANG_ENABLE_MODULES = YES;
				CLANG_ENABLE_OBJC_ARC = YES;
				CLANG_ENABLE_OBJC_WEAK = YES;
				CLANG_WARN_BLOCK_CAPTURE_AUTORELEASING = YES;
				CLANG_WARN_BOOL_CONVERSION = YES;
				CLANG_WARN_COMMA = YES;
				CLANG_WARN_CONSTANT_CONVERSION = YES;
				CLANG_WARN_DEPRECATED_OBJC_IMPLEMENTATIONS = YES;
				CLANG_WARN_DIRECT_OBJC_ISA_USAGE = YES_ERROR;
				CLANG_WARN_DOCUMENTATION_COMMENTS = YES;
				CLANG_WARN_EMPTY_BODY = YES;
				CLANG_WARN_ENUM_CONVERSION = YES;
				CLANG_WARN_INFINITE_RECURSION = YES;
				CLANG_WARN_INT_CONVERSION = YES;
				CLANG_WARN_NON_LITERAL_NULL_CONVERSION = YES;
				CLANG_WARN_OBJC_IMPLICIT_RETAIN_SELF = YES;
				CLANG_WARN_OBJC_LITERAL_CONVERSION = YES;
				CLANG_WARN_OBJC_ROOT_CLASS = YES_ERROR;
				CLANG_WARN_QUOTED_INCLUDE_IN_FRAMEWORK_HEADER = YES;
				CLANG_WARN_RANGE_LOOP_ANALYSIS = YES;
				CLANG_WARN_STRICT_PROTOTYPES = YES;
				CLANG_WARN_SUSPICIOUS_MOVE = YES;
				CLANG_WARN_UNGUARDED_AVAILABILITY = YES_AGGRESSIVE;
				CLANG_WARN_UNREACHABLE_CODE = YES;
				CLANG_WARN__DUPLICATE_METHOD_MATCH = YES;
				COPY_PHASE_STRIP = NO;
				DEBUG_INFORMATION_FORMAT = dwarf;
				ENABLE_STRICT_OBJC_MSGSEND = YES;
				ENABLE_TESTABILITY = YES;
				ENABLE_USER_SCRIPT_SANDBOXING = YES;
				GCC_C_LANGUAGE_STANDARD = gnu17;
				GCC_DYNAMIC_NO_PIC = NO;
				GCC_NO_COMMON_BLOCKS = YES;
				GCC_OPTIMIZATION_LEVEL = 0;
				GCC_PREPROCESSOR_DEFINITIONS = (
					"DEBUG=1",
					"$(inherited)",
				);
				GCC_WARN_64_TO_32_BIT_CONVERSION = YES;
				GCC_WARN_ABOUT_RETURN_TYPE = YES_ERROR;
				GCC_WARN_UNDECLARED_SELECTOR = YES;
				GCC_WARN_UNINITIALIZED_AUTOS = YES_AGGRESSIVE;
				GCC_WARN_UNUSED_FUNCTION = YES;
				GCC_WARN_UNUSED_VARIABLE = YES;
				IPHONEOS_DEPLOYMENT_TARGET = 15.0;
				LOCALIZATION_PREFERS_STRING_CATALOGS = YES;
				MTL_ENABLE_DEBUG_INFO = INCLUDE_SOURCE;
				MTL_FAST_MATH = YES;
				ONLY_ACTIVE_ARCH = YES;
				SDKROOT = iphoneos;
				SWIFT_ACTIVE_COMPILATION_CONDITIONS = "DEBUG $(inherited)";
				SWIFT_OPTIMIZATION_LEVEL = "-Onone";
			};
			name = Debug;
		};
		895FA4D42B911B60004C080D /* Release */ = {
			isa = XCBuildConfiguration;
			buildSettings = {
				ALWAYS_SEARCH_USER_PATHS = NO;
				ASSETCATALOG_COMPILER_GENERATE_SWIFT_ASSET_SYMBOL_EXTENSIONS = YES;
				CLANG_ANALYZER_NONNULL = YES;
				CLANG_ANALYZER_NUMBER_OBJECT_CONVERSION = YES_AGGRESSIVE;
				CLANG_CXX_LANGUAGE_STANDARD = "gnu++20";
				CLANG_ENABLE_MODULES = YES;
				CLANG_ENABLE_OBJC_ARC = YES;
				CLANG_ENABLE_OBJC_WEAK = YES;
				CLANG_WARN_BLOCK_CAPTURE_AUTORELEASING = YES;
				CLANG_WARN_BOOL_CONVERSION = YES;
				CLANG_WARN_COMMA = YES;
				CLANG_WARN_CONSTANT_CONVERSION = YES;
				CLANG_WARN_DEPRECATED_OBJC_IMPLEMENTATIONS = YES;
				CLANG_WARN_DIRECT_OBJC_ISA_USAGE = YES_ERROR;
				CLANG_WARN_DOCUMENTATION_COMMENTS = YES;
				CLANG_WARN_EMPTY_BODY = YES;
				CLANG_WARN_ENUM_CONVERSION = YES;
				CLANG_WARN_INFINITE_RECURSION = YES;
				CLANG_WARN_INT_CONVERSION = YES;
				CLANG_WARN_NON_LITERAL_NULL_CONVERSION = YES;
				CLANG_WARN_OBJC_IMPLICIT_RETAIN_SELF = YES;
				CLANG_WARN_OBJC_LITERAL_CONVERSION = YES;
				CLANG_WARN_OBJC_ROOT_CLASS = YES_ERROR;
				CLANG_WARN_QUOTED_INCLUDE_IN_FRAMEWORK_HEADER = YES;
				CLANG_WARN_RANGE_LOOP_ANALYSIS = YES;
				CLANG_WARN_STRICT_PROTOTYPES = YES;
				CLANG_WARN_SUSPICIOUS_MOVE = YES;
				CLANG_WARN_UNGUARDED_AVAILABILITY = YES_AGGRESSIVE;
				CLANG_WARN_UNREACHABLE_CODE = YES;
				CLANG_WARN__DUPLICATE_METHOD_MATCH = YES;
				COPY_PHASE_STRIP = NO;
				DEBUG_INFORMATION_FORMAT = "dwarf-with-dsym";
				ENABLE_NS_ASSERTIONS = NO;
				ENABLE_STRICT_OBJC_MSGSEND = YES;
				ENABLE_USER_SCRIPT_SANDBOXING = YES;
				GCC_C_LANGUAGE_STANDARD = gnu17;
				GCC_NO_COMMON_BLOCKS = YES;
				GCC_WARN_64_TO_32_BIT_CONVERSION = YES;
				GCC_WARN_ABOUT_RETURN_TYPE = YES_ERROR;
				GCC_WARN_UNDECLARED_SELECTOR = YES;
				GCC_WARN_UNINITIALIZED_AUTOS = YES_AGGRESSIVE;
				GCC_WARN_UNUSED_FUNCTION = YES;
				GCC_WARN_UNUSED_VARIABLE = YES;
				IPHONEOS_DEPLOYMENT_TARGET = 15.0;
				LOCALIZATION_PREFERS_STRING_CATALOGS = YES;
				MTL_ENABLE_DEBUG_INFO = NO;
				MTL_FAST_MATH = YES;
				SDKROOT = iphoneos;
				SWIFT_COMPILATION_MODE = wholemodule;
				VALIDATE_PRODUCT = YES;
			};
			name = Release;
		};
		895FA4D62B911B60004C080D /* Debug */ = {
			isa = XCBuildConfiguration;
			buildSettings = {
				ASSETCATALOG_COMPILER_APPICON_NAME = AppIcon;
				ASSETCATALOG_COMPILER_GLOBAL_ACCENT_COLOR_NAME = AccentColor;
				CODE_SIGN_STYLE = Automatic;
				CURRENT_PROJECT_VERSION = 1;
				DEVELOPMENT_TEAM = SHR366P996;
				ENABLE_USER_SCRIPT_SANDBOXING = NO;
				GENERATE_INFOPLIST_FILE = YES;
				INFOPLIST_FILE = GHFollowers/Info.plist;
				INFOPLIST_KEY_UIApplicationSupportsIndirectInputEvents = YES;
				INFOPLIST_KEY_UILaunchStoryboardName = LaunchScreen;
				INFOPLIST_KEY_UIMainStoryboardFile = "";
				INFOPLIST_KEY_UISupportedInterfaceOrientations_iPad = "UIInterfaceOrientationPortrait UIInterfaceOrientationPortraitUpsideDown UIInterfaceOrientationLandscapeLeft UIInterfaceOrientationLandscapeRight";
				INFOPLIST_KEY_UISupportedInterfaceOrientations_iPhone = "UIInterfaceOrientationPortrait UIInterfaceOrientationLandscapeLeft UIInterfaceOrientationLandscapeRight";
				IPHONEOS_DEPLOYMENT_TARGET = 15.0;
				LD_RUNPATH_SEARCH_PATHS = (
					"$(inherited)",
					"@executable_path/Frameworks",
				);
				MARKETING_VERSION = 1.0;
				PRODUCT_BUNDLE_IDENTIFIER = co.mervemetinoglu.GHFollowers;
				PRODUCT_NAME = "$(TARGET_NAME)";
				SWIFT_EMIT_LOC_STRINGS = YES;
				SWIFT_VERSION = 5.0;
				TARGETED_DEVICE_FAMILY = "1,2";
			};
			name = Debug;
		};
		895FA4D72B911B60004C080D /* Release */ = {
			isa = XCBuildConfiguration;
			buildSettings = {
				ASSETCATALOG_COMPILER_APPICON_NAME = AppIcon;
				ASSETCATALOG_COMPILER_GLOBAL_ACCENT_COLOR_NAME = AccentColor;
				CODE_SIGN_STYLE = Automatic;
				CURRENT_PROJECT_VERSION = 1;
				DEVELOPMENT_TEAM = SHR366P996;
				ENABLE_USER_SCRIPT_SANDBOXING = NO;
				GENERATE_INFOPLIST_FILE = YES;
				INFOPLIST_FILE = GHFollowers/Info.plist;
				INFOPLIST_KEY_UIApplicationSupportsIndirectInputEvents = YES;
				INFOPLIST_KEY_UILaunchStoryboardName = LaunchScreen;
				INFOPLIST_KEY_UIMainStoryboardFile = "";
				INFOPLIST_KEY_UISupportedInterfaceOrientations_iPad = "UIInterfaceOrientationPortrait UIInterfaceOrientationPortraitUpsideDown UIInterfaceOrientationLandscapeLeft UIInterfaceOrientationLandscapeRight";
				INFOPLIST_KEY_UISupportedInterfaceOrientations_iPhone = "UIInterfaceOrientationPortrait UIInterfaceOrientationLandscapeLeft UIInterfaceOrientationLandscapeRight";
				IPHONEOS_DEPLOYMENT_TARGET = 15.0;
				LD_RUNPATH_SEARCH_PATHS = (
					"$(inherited)",
					"@executable_path/Frameworks",
				);
				MARKETING_VERSION = 1.0;
				PRODUCT_BUNDLE_IDENTIFIER = co.mervemetinoglu.GHFollowers;
				PRODUCT_NAME = "$(TARGET_NAME)";
				SWIFT_EMIT_LOC_STRINGS = YES;
				SWIFT_VERSION = 5.0;
				TARGETED_DEVICE_FAMILY = "1,2";
			};
			name = Release;
		};
/* End XCBuildConfiguration section */

/* Begin XCConfigurationList section */
		895FA4BC2B911B5F004C080D /* Build configuration list for PBXProject "GHFollowers" */ = {
			isa = XCConfigurationList;
			buildConfigurations = (
				895FA4D32B911B60004C080D /* Debug */,
				895FA4D42B911B60004C080D /* Release */,
			);
			defaultConfigurationIsVisible = 0;
			defaultConfigurationName = Release;
		};
		895FA4D52B911B60004C080D /* Build configuration list for PBXNativeTarget "GHFollowers" */ = {
			isa = XCConfigurationList;
			buildConfigurations = (
				895FA4D62B911B60004C080D /* Debug */,
				895FA4D72B911B60004C080D /* Release */,
			);
			defaultConfigurationIsVisible = 0;
			defaultConfigurationName = Release;
		};
/* End XCConfigurationList section */
	};
	rootObject = 895FA4B92B911B5F004C080D /* Project object */;
}
